
Microsoft Visual Studio Solution File, Format Version 12.00
# Visual Studio Version 16
VisualStudioVersion = 16.0.30717.126
MinimumVisualStudioVersion = 10.0.40219.1
Project("{FAE04EC0-301F-11D3-BF4B-00C04F79EFBC}") = "PracticeEntiryFramework", "PracticeEntiryFramework\PracticeEntiryFramework.csproj", "{1B743813-27FD-4A86-A6EB-D5A4DEFAAFCC}"
EndProject
Global
	GlobalSection(SolutionConfigurationPlatforms) = preSolution
		Debug|Any CPU = Debug|Any CPU
		Release|Any CPU = Release|Any CPU
	EndGlobalSection
	GlobalSection(ProjectConfigurationPlatforms) = postSolution
		{1B743813-27FD-4A86-A6EB-D5A4DEFAAFCC}.Debug|Any CPU.ActiveCfg = Debug|Any CPU
		{1B743813-27FD-4A86-A6EB-D5A4DEFAAFCC}.Debug|Any CPU.Build.0 = Debug|Any CPU
		{1B743813-27FD-4A86-A6EB-D5A4DEFAAFCC}.Release|Any CPU.ActiveCfg = Release|Any CPU
		{1B743813-27FD-4A86-A6EB-D5A4DEFAAFCC}.Release|Any CPU.Build.0 = Release|Any CPU
	EndGlobalSection
	GlobalSection(SolutionProperties) = preSolution
		HideSolutionNode = FALSE
	EndGlobalSection
	GlobalSection(ExtensibilityGlobals) = postSolution
		SolutionGuid = {E8046324-B8B6-4DAB-9E10-37067FD934F9}
	EndGlobalSection
EndGlobal
